
Microsoft Visual Studio Solution File, Format Version 12.00
# Visual Studio Version 16
VisualStudioVersion = 16.0.31424.327
MinimumVisualStudioVersion = 10.0.40219.1
Project("{FAE04EC0-301F-11D3-BF4B-00C04F79EFBC}") = "BASO01_BBBO02", "BASO01_BBBO02.csproj", "{207351D4-E285-429C-8C59-EDC36BB3D165}"
EndProject
Global
	GlobalSection(SolutionConfigurationPlatforms) = preSolution
		Debug|Any CPU = Debug|Any CPU
		Release|Any CPU = Release|Any CPU
	EndGlobalSection
	GlobalSection(ProjectConfigurationPlatforms) = postSolution
		{207351D4-E285-429C-8C59-EDC36BB3D165}.Debug|Any CPU.ActiveCfg = Debug|Any CPU
		{207351D4-E285-429C-8C59-EDC36BB3D165}.Debug|Any CPU.Build.0 = Debug|Any CPU
		{207351D4-E285-429C-8C59-EDC36BB3D165}.Release|Any CPU.ActiveCfg = Release|Any CPU
		{207351D4-E285-429C-8C59-EDC36BB3D165}.Release|Any CPU.Build.0 = Release|Any CPU
	EndGlobalSection
	GlobalSection(SolutionProperties) = preSolution
		HideSolutionNode = FALSE
	EndGlobalSection
	GlobalSection(ExtensibilityGlobals) = postSolution
		SolutionGuid = {388265A4-434B-4140-A486-E82D4B405286}
	EndGlobalSection
EndGlobal
